// !$*UTF8*$!
{
	archiveVersion = 1;
	classes = {
	};
	objectVersion = 46;
	objects = {

/* Begin PBXBuildFile section */
		D531F30C1C99505200CB81EC /* main.m in Sources */ = {isa = PBXBuildFile; fileRef = D531F30B1C99505200CB81EC /* main.m */; };
		D531F30F1C99505200CB81EC /* AppDelegate.m in Sources */ = {isa = PBXBuildFile; fileRef = D531F30E1C99505200CB81EC /* AppDelegate.m */; };
		D531F3121C99505200CB81EC /* MessageViewController.m in Sources */ = {isa = PBXBuildFile; fileRef = D531F3111C99505200CB81EC /* MessageViewController.m */; };
		D531F3151C99505200CB81EC /* Main.storyboard in Resources */ = {isa = PBXBuildFile; fileRef = D531F3131C99505200CB81EC /* Main.storyboard */; };
		D531F3171C99505200CB81EC /* Assets.xcassets in Resources */ = {isa = PBXBuildFile; fileRef = D531F3161C99505200CB81EC /* Assets.xcassets */; };
		D531F31A1C99505200CB81EC /* LaunchScreen.storyboard in Resources */ = {isa = PBXBuildFile; fileRef = D531F3181C99505200CB81EC /* LaunchScreen.storyboard */; };
		D531F3251C99505200CB81EC /* _0160316002_UITabBarController_storyboardTests.m in Sources */ = {isa = PBXBuildFile; fileRef = D531F3241C99505200CB81EC /* _0160316002_UITabBarController_storyboardTests.m */; };
		D531F3301C99505200CB81EC /* _0160316002_UITabBarController_storyboardUITests.m in Sources */ = {isa = PBXBuildFile; fileRef = D531F32F1C99505200CB81EC /* _0160316002_UITabBarController_storyboardUITests.m */; };
		D531F33F1C99536B00CB81EC /* FriendsViewController.m in Sources */ = {isa = PBXBuildFile; fileRef = D531F33E1C99536B00CB81EC /* FriendsViewController.m */; };
		D531F3421C9953E600CB81EC /* MeViewController.m in Sources */ = {isa = PBXBuildFile; fileRef = D531F3411C9953E600CB81EC /* MeViewController.m */; };
/* End PBXBuildFile section */

/* Begin PBXContainerItemProxy section */
		D531F3211C99505200CB81EC /* PBXContainerItemProxy */ = {
			isa = PBXContainerItemProxy;
			containerPortal = D531F2FF1C99505200CB81EC /* Project object */;
			proxyType = 1;
			remoteGlobalIDString = D531F3061C99505200CB81EC;
			remoteInfo = "20160316002-UITabBarController-storyboard";
		};
		D531F32C1C99505200CB81EC /* PBXContainerItemProxy */ = {
			isa = PBXContainerItemProxy;
			containerPortal = D531F2FF1C99505200CB81EC /* Project object */;
			proxyType = 1;
			remoteGlobalIDString = D531F3061C99505200CB81EC;
			remoteInfo = "20160316002-UITabBarController-storyboard";
		};
/* End PBXContainerItemProxy section */

/* Begin PBXFileReference section */
		D531F3071C99505200CB81EC /* 20160316002-UITabBarController-storyboard.app */ = {isa = PBXFileReference; explicitFileType = wrapper.application; includeInIndex = 0; path = "20160316002-UITabBarController-storyboard.app"; sourceTree = BUILT_PRODUCTS_DIR; };
		D531F30B1C99505200CB81EC /* main.m */ = {isa = PBXFileReference; lastKnownFileType = sourcecode.c.objc; path = main.m; sourceTree = "<group>"; };
		D531F30D1C99505200CB81EC /* AppDelegate.h */ = {isa = PBXFileReference; lastKnownFileType = sourcecode.c.h; path = AppDelegate.h; sourceTree = "<group>"; };
		D531F30E1C99505200CB81EC /* AppDelegate.m */ = {isa = PBXFileReference; lastKnownFileType = sourcecode.c.objc; path = AppDelegate.m; sourceTree = "<group>"; };
		D531F3101C99505200CB81EC /* MessageViewController.h */ = {isa = PBXFileReference; lastKnownFileType = sourcecode.c.h; path = MessageViewController.h; sourceTree = "<group>"; };
		D531F3111C99505200CB81EC /* MessageViewController.m */ = {isa = PBXFileReference; lastKnownFileType = sourcecode.c.objc; path = MessageViewController.m; sourceTree = "<group>"; };
		D531F3141C99505200CB81EC /* Base */ = {isa = PBXFileReference; lastKnownFileType = file.storyboard; name = Base; path = Base.lproj/Main.storyboard; sourceTree = "<group>"; };
		D531F3161C99505200CB81EC /* Assets.xcassets */ = {isa = PBXFileReference; lastKnownFileType = folder.assetcatalog; path = Assets.xcassets; sourceTree = "<group>"; };
		D531F3191C99505200CB81EC /* Base */ = {isa = PBXFileReference; lastKnownFileType = file.storyboard; name = Base; path = Base.lproj/LaunchScreen.storyboard; sourceTree = "<group>"; };
		D531F31B1C99505200CB81EC /* Info.plist */ = {isa = PBXFileReference; lastKnownFileType = text.plist.xml; path = Info.plist; sourceTree = "<group>"; };
		D531F3201C99505200CB81EC /* 20160316002-UITabBarController-storyboardTests.xctest */ = {isa = PBXFileReference; explicitFileType = wrapper.cfbundle; includeInIndex = 0; path = "20160316002-UITabBarController-storyboardTests.xctest"; sourceTree = BUILT_PRODUCTS_DIR; };
		D531F3241C99505200CB81EC /* _0160316002_UITabBarController_storyboardTests.m */ = {isa = PBXFileReference; lastKnownFileType = sourcecode.c.objc; path = _0160316002_UITabBarController_storyboardTests.m; sourceTree = "<group>"; };
		D531F3261C99505200CB81EC /* Info.plist */ = {isa = PBXFileReference; lastKnownFileType = text.plist.xml; path = Info.plist; sourceTree = "<group>"; };
		D531F32B1C99505200CB81EC /* 20160316002-UITabBarController-storyboardUITests.xctest */ = {isa = PBXFileReference; explicitFileType = wrapper.cfbundle; includeInIndex = 0; path = "20160316002-UITabBarController-storyboardUITests.xctest"; sourceTree = BUILT_PRODUCTS_DIR; };
		D531F32F1C99505200CB81EC /* _0160316002_UITabBarController_storyboardUITests.m */ = {isa = PBXFileReference; lastKnownFileType = sourcecode.c.objc; path = _0160316002_UITabBarController_storyboardUITests.m; sourceTree = "<group>"; };
		D531F3311C99505200CB81EC /* Info.plist */ = {isa = PBXFileReference; lastKnownFileType = text.plist.xml; path = Info.plist; sourceTree = "<group>"; };
		D531F33D1C99536B00CB81EC /* FriendsViewController.h */ = {isa = PBXFileReference; fileEncoding = 4; lastKnownFileType = sourcecode.c.h; path = FriendsViewController.h; sourceTree = "<group>"; };
		D531F33E1C99536B00CB81EC /* FriendsViewController.m */ = {isa = PBXFileReference; fileEncoding = 4; lastKnownFileType = sourcecode.c.objc; path = FriendsViewController.m; sourceTree = "<group>"; };
		D531F3401C9953E600CB81EC /* MeViewController.h */ = {isa = PBXFileReference; fileEncoding = 4; lastKnownFileType = sourcecode.c.h; path = MeViewController.h; sourceTree = "<group>"; };
		D531F3411C9953E600CB81EC /* MeViewController.m */ = {isa = PBXFileReference; fileEncoding = 4; lastKnownFileType = sourcecode.c.objc; path = MeViewController.m; sourceTree = "<group>"; };
/* End PBXFileReference section */

/* Begin PBXFrameworksBuildPhase section */
		D531F3041C99505200CB81EC /* Frameworks */ = {
			isa = PBXFrameworksBuildPhase;
			buildActionMask = 2147483647;
			files = (
			);
			runOnlyForDeploymentPostprocessing = 0;
		};
		D531F31D1C99505200CB81EC /* Frameworks */ = {
			isa = PBXFrameworksBuildPhase;
			buildActionMask = 2147483647;
			files = (
			);
			runOnlyForDeploymentPostprocessing = 0;
		};
		D531F3281C99505200CB81EC /* Frameworks */ = {
			isa = PBXFrameworksBuildPhase;
			buildActionMask = 2147483647;
			files = (
			);
			runOnlyForDeploymentPostprocessing = 0;
		};
/* End PBXFrameworksBuildPhase section */

/* Begin PBXGroup section */
		D531F2FE1C99505200CB81EC = {
			isa = PBXGroup;
			children = (
				D531F3091C99505200CB81EC /* 20160316002-UITabBarController-storyboard */,
				D531F3231C99505200CB81EC /* 20160316002-UITabBarController-storyboardTests */,
				D531F32E1C99505200CB81EC /* 20160316002-UITabBarController-storyboardUITests */,
				D531F3081C99505200CB81EC /* Products */,
			);
			sourceTree = "<group>";
		};
		D531F3081C99505200CB81EC /* Products */ = {
			isa = PBXGroup;
			children = (
				D531F3071C99505200CB81EC /* 20160316002-UITabBarController-storyboard.app */,
				D531F3201C99505200CB81EC /* 20160316002-UITabBarController-storyboardTests.xctest */,
				D531F32B1C99505200CB81EC /* 20160316002-UITabBarController-storyboardUITests.xctest */,
			);
			name = Products;
			sourceTree = "<group>";
		};
		D531F3091C99505200CB81EC /* 20160316002-UITabBarController-storyboard */ = {
			isa = PBXGroup;
			children = (
				D531F30D1C99505200CB81EC /* AppDelegate.h */,
				D531F30E1C99505200CB81EC /* AppDelegate.m */,
				D531F3101C99505200CB81EC /* MessageViewController.h */,
				D531F3111C99505200CB81EC /* MessageViewController.m */,
				D531F33D1C99536B00CB81EC /* FriendsViewController.h */,
				D531F33E1C99536B00CB81EC /* FriendsViewController.m */,
				D531F3401C9953E600CB81EC /* MeViewController.h */,
				D531F3411C9953E600CB81EC /* MeViewController.m */,
				D531F3131C99505200CB81EC /* Main.storyboard */,
				D531F3161C99505200CB81EC /* Assets.xcassets */,
				D531F3181C99505200CB81EC /* LaunchScreen.storyboard */,
				D531F31B1C99505200CB81EC /* Info.plist */,
				D531F30A1C99505200CB81EC /* Supporting Files */,
			);
			path = "20160316002-UITabBarController-storyboard";
			sourceTree = "<group>";
		};
		D531F30A1C99505200CB81EC /* Supporting Files */ = {
			isa = PBXGroup;
			children = (
				D531F30B1C99505200CB81EC /* main.m */,
			);
			name = "Supporting Files";
			sourceTree = "<group>";
		};
		D531F3231C99505200CB81EC /* 20160316002-UITabBarController-storyboardTests */ = {
			isa = PBXGroup;
			children = (
				D531F3241C99505200CB81EC /* _0160316002_UITabBarController_storyboardTests.m */,
				D531F3261C99505200CB81EC /* Info.plist */,
			);
			path = "20160316002-UITabBarController-storyboardTests";
			sourceTree = "<group>";
		};
		D531F32E1C99505200CB81EC /* 20160316002-UITabBarController-storyboardUITests */ = {
			isa = PBXGroup;
			children = (
				D531F32F1C99505200CB81EC /* _0160316002_UITabBarController_storyboardUITests.m */,
				D531F3311C99505200CB81EC /* Info.plist */,
			);
			path = "20160316002-UITabBarController-storyboardUITests";
			sourceTree = "<group>";
		};
/* End PBXGroup section */

/* Begin PBXNativeTarget section */
		D531F3061C99505200CB81EC /* 20160316002-UITabBarController-storyboard */ = {
			isa = PBXNativeTarget;
			buildConfigurationList = D531F3341C99505200CB81EC /* Build configuration list for PBXNativeTarget "20160316002-UITabBarController-storyboard" */;
			buildPhases = (
				D531F3031C99505200CB81EC /* Sources */,
				D531F3041C99505200CB81EC /* Frameworks */,
				D531F3051C99505200CB81EC /* Resources */,
			);
			buildRules = (
			);
			dependencies = (
			);
			name = "20160316002-UITabBarController-storyboard";
			productName = "20160316002-UITabBarController-storyboard";
			productReference = D531F3071C99505200CB81EC /* 20160316002-UITabBarController-storyboard.app */;
			productType = "com.apple.product-type.application";
		};
		D531F31F1C99505200CB81EC /* 20160316002-UITabBarController-storyboardTests */ = {
			isa = PBXNativeTarget;
			buildConfigurationList = D531F3371C99505200CB81EC /* Build configuration list for PBXNativeTarget "20160316002-UITabBarController-storyboardTests" */;
			buildPhases = (
				D531F31C1C99505200CB81EC /* Sources */,
				D531F31D1C99505200CB81EC /* Frameworks */,
				D531F31E1C99505200CB81EC /* Resources */,
			);
			buildRules = (
			);
			dependencies = (
				D531F3221C99505200CB81EC /* PBXTargetDependency */,
			);
			name = "20160316002-UITabBarController-storyboardTests";
			productName = "20160316002-UITabBarController-storyboardTests";
			productReference = D531F3201C99505200CB81EC /* 20160316002-UITabBarController-storyboardTests.xctest */;
			productType = "com.apple.product-type.bundle.unit-test";
		};
		D531F32A1C99505200CB81EC /* 20160316002-UITabBarController-storyboardUITests */ = {
			isa = PBXNativeTarget;
			buildConfigurationList = D531F33A1C99505200CB81EC /* Build configuration list for PBXNativeTarget "20160316002-UITabBarController-storyboardUITests" */;
			buildPhases = (
				D531F3271C99505200CB81EC /* Sources */,
				D531F3281C99505200CB81EC /* Frameworks */,
				D531F3291C99505200CB81EC /* Resources */,
			);
			buildRules = (
			);
			dependencies = (
				D531F32D1C99505200CB81EC /* PBXTargetDependency */,
			);
			name = "20160316002-UITabBarController-storyboardUITests";
			productName = "20160316002-UITabBarController-storyboardUITests";
			productReference = D531F32B1C99505200CB81EC /* 20160316002-UITabBarController-storyboardUITests.xctest */;
			productType = "com.apple.product-type.bundle.ui-testing";
		};
/* End PBXNativeTarget section */

/* Begin PBXProject section */
		D531F2FF1C99505200CB81EC /* Project object */ = {
			isa = PBXProject;
			attributes = {
				LastUpgradeCheck = 0720;
				ORGANIZATIONNAME = Rainer;
				TargetAttributes = {
					D531F3061C99505200CB81EC = {
						CreatedOnToolsVersion = 7.2.1;
					};
					D531F31F1C99505200CB81EC = {
						CreatedOnToolsVersion = 7.2.1;
						TestTargetID = D531F3061C99505200CB81EC;
					};
					D531F32A1C99505200CB81EC = {
						CreatedOnToolsVersion = 7.2.1;
						TestTargetID = D531F3061C99505200CB81EC;
					};
				};
			};
			buildConfigurationList = D531F3021C99505200CB81EC /* Build configuration list for PBXProject "20160316002-UITabBarController-storyboard" */;
			compatibilityVersion = "Xcode 3.2";
			developmentRegion = English;
			hasScannedForEncodings = 0;
			knownRegions = (
				en,
				Base,
			);
			mainGroup = D531F2FE1C99505200CB81EC;
			productRefGroup = D531F3081C99505200CB81EC /* Products */;
			projectDirPath = "";
			projectRoot = "";
			targets = (
				D531F3061C99505200CB81EC /* 20160316002-UITabBarController-storyboard */,
				D531F31F1C99505200CB81EC /* 20160316002-UITabBarController-storyboardTests */,
				D531F32A1C99505200CB81EC /* 20160316002-UITabBarController-storyboardUITests */,
			);
		};
/* End PBXProject section */

/* Begin PBXResourcesBuildPhase section */
		D531F3051C99505200CB81EC /* Resources */ = {
			isa = PBXResourcesBuildPhase;
			buildActionMask = 2147483647;
			files = (
				D531F31A1C99505200CB81EC /* LaunchScreen.storyboard in Resources */,
				D531F3171C99505200CB81EC /* Assets.xcassets in Resources */,
				D531F3151C99505200CB81EC /* Main.storyboard in Resources */,
			);
			runOnlyForDeploymentPostprocessing = 0;
		};
		D531F31E1C99505200CB81EC /* Resources */ = {
			isa = PBXResourcesBuildPhase;
			buildActionMask = 2147483647;
			files = (
			);
			runOnlyForDeploymentPostprocessing = 0;
		};
		D531F3291C99505200CB81EC /* Resources */ = {
			isa = PBXResourcesBuildPhase;
			buildActionMask = 2147483647;
			files = (
			);
			runOnlyForDeploymentPostprocessing = 0;
		};
/* End PBXResourcesBuildPhase section */

/* Begin PBXSourcesBuildPhase section */
		D531F3031C99505200CB81EC /* Sources */ = {
			isa = PBXSourcesBuildPhase;
			buildActionMask = 2147483647;
			files = (
				D531F33F1C99536B00CB81EC /* FriendsViewController.m in Sources */,
				D531F3121C99505200CB81EC /* MessageViewController.m in Sources */,
				D531F30F1C99505200CB81EC /* AppDelegate.m in Sources */,
				D531F30C1C99505200CB81EC /* main.m in Sources */,
				D531F3421C9953E600CB81EC /* MeViewController.m in Sources */,
			);
			runOnlyForDeploymentPostprocessing = 0;
		};
		D531F31C1C99505200CB81EC /* Sources */ = {
			isa = PBXSourcesBuildPhase;
			buildActionMask = 2147483647;
			files = (
				D531F3251C99505200CB81EC /* _0160316002_UITabBarController_storyboardTests.m in Sources */,
			);
			runOnlyForDeploymentPostprocessing = 0;
		};
		D531F3271C99505200CB81EC /* Sources */ = {
			isa = PBXSourcesBuildPhase;
			buildActionMask = 2147483647;
			files = (
				D531F3301C99505200CB81EC /* _0160316002_UITabBarController_storyboardUITests.m in Sources */,
			);
			runOnlyForDeploymentPostprocessing = 0;
		};
/* End PBXSourcesBuildPhase section */

/* Begin PBXTargetDependency section */
		D531F3221C99505200CB81EC /* PBXTargetDependency */ = {
			isa = PBXTargetDependency;
			target = D531F3061C99505200CB81EC /* 20160316002-UITabBarController-storyboard */;
			targetProxy = D531F3211C99505200CB81EC /* PBXContainerItemProxy */;
		};
		D531F32D1C99505200CB81EC /* PBXTargetDependency */ = {
			isa = PBXTargetDependency;
			target = D531F3061C99505200CB81EC /* 20160316002-UITabBarController-storyboard */;
			targetProxy = D531F32C1C99505200CB81EC /* PBXContainerItemProxy */;
		};
/* End PBXTargetDependency section */

/* Begin PBXVariantGroup section */
		D531F3131C99505200CB81EC /* Main.storyboard */ = {
			isa = PBXVariantGroup;
			children = (
				D531F3141C99505200CB81EC /* Base */,
			);
			name = Main.storyboard;
			sourceTree = "<group>";
		};
		D531F3181C99505200CB81EC /* LaunchScreen.storyboard */ = {
			isa = PBXVariantGroup;
			children = (
				D531F3191C99505200CB81EC /* Base */,
			);
			name = LaunchScreen.storyboard;
			sourceTree = "<group>";
		};
/* End PBXVariantGroup section */

/* Begin XCBuildConfiguration section */
		D531F3321C99505200CB81EC /* Debug */ = {
			isa = XCBuildConfiguration;
			buildSettings = {
				ALWAYS_SEARCH_USER_PATHS = NO;
				CLANG_CXX_LANGUAGE_STANDARD = "gnu++0x";
				CLANG_CXX_LIBRARY = "libc++";
				CLANG_ENABLE_MODULES = YES;
				CLANG_ENABLE_OBJC_ARC = YES;
				CLANG_WARN_BOOL_CONVERSION = YES;
				CLANG_WARN_CONSTANT_CONVERSION = YES;
				CLANG_WARN_DIRECT_OBJC_ISA_USAGE = YES_ERROR;
				CLANG_WARN_EMPTY_BODY = YES;
				CLANG_WARN_ENUM_CONVERSION = YES;
				CLANG_WARN_INT_CONVERSION = YES;
				CLANG_WARN_OBJC_ROOT_CLASS = YES_ERROR;
				CLANG_WARN_UNREACHABLE_CODE = YES;
				CLANG_WARN__DUPLICATE_METHOD_MATCH = YES;
				"CODE_SIGN_IDENTITY[sdk=iphoneos*]" = "iPhone Developer";
				COPY_PHASE_STRIP = NO;
				DEBUG_INFORMATION_FORMAT = dwarf;
				ENABLE_STRICT_OBJC_MSGSEND = YES;
				ENABLE_TESTABILITY = YES;
				GCC_C_LANGUAGE_STANDARD = gnu99;
				GCC_DYNAMIC_NO_PIC = NO;
				GCC_NO_COMMON_BLOCKS = YES;
				GCC_OPTIMIZATION_LEVEL = 0;
				GCC_PREPROCESSOR_DEFINITIONS = (
					"DEBUG=1",
					"$(inherited)",
				);
				GCC_WARN_64_TO_32_BIT_CONVERSION = YES;
				GCC_WARN_ABOUT_RETURN_TYPE = YES_ERROR;
				GCC_WARN_UNDECLARED_SELECTOR = YES;
				GCC_WARN_UNINITIALIZED_AUTOS = YES_AGGRESSIVE;
				GCC_WARN_UNUSED_FUNCTION = YES;
				GCC_WARN_UNUSED_VARIABLE = YES;
				IPHONEOS_DEPLOYMENT_TARGET = 9.2;
				MTL_ENABLE_DEBUG_INFO = YES;
				ONLY_ACTIVE_ARCH = YES;
				SDKROOT = iphoneos;
			};
			name = Debug;
		};
		D531F3331C99505200CB81EC /* Release */ = {
			isa = XCBuildConfiguration;
			buildSettings = {
				ALWAYS_SEARCH_USER_PATHS = NO;
				CLANG_CXX_LANGUAGE_STANDARD = "gnu++0x";
				CLANG_CXX_LIBRARY = "libc++";
				CLANG_ENABLE_MODULES = YES;
				CLANG_ENABLE_OBJC_ARC = YES;
				CLANG_WARN_BOOL_CONVERSION = YES;
				CLANG_WARN_CONSTANT_CONVERSION = YES;
				CLANG_WARN_DIRECT_OBJC_ISA_USAGE = YES_ERROR;
				CLANG_WARN_EMPTY_BODY = YES;
				CLANG_WARN_ENUM_CONVERSION = YES;
				CLANG_WARN_INT_CONVERSION = YES;
				CLANG_WARN_OBJC_ROOT_CLASS = YES_ERROR;
				CLANG_WARN_UNREACHABLE_CODE = YES;
				CLANG_WARN__DUPLICATE_METHOD_MATCH = YES;
				"CODE_SIGN_IDENTITY[sdk=iphoneos*]" = "iPhone Developer";
				COPY_PHASE_STRIP = NO;
				DEBUG_INFORMATION_FORMAT = "dwarf-with-dsym";
				ENABLE_NS_ASSERTIONS = NO;
				ENABLE_STRICT_OBJC_MSGSEND = YES;
				GCC_C_LANGUAGE_STANDARD = gnu99;
				GCC_NO_COMMON_BLOCKS = YES;
				GCC_WARN_64_TO_32_BIT_CONVERSION = YES;
				GCC_WARN_ABOUT_RETURN_TYPE = YES_ERROR;
				GCC_WARN_UNDECLARED_SELECTOR = YES;
				GCC_WARN_UNINITIALIZED_AUTOS = YES_AGGRESSIVE;
				GCC_WARN_UNUSED_FUNCTION = YES;
				GCC_WARN_UNUSED_VARIABLE = YES;
				IPHONEOS_DEPLOYMENT_TARGET = 9.2;
				MTL_ENABLE_DEBUG_INFO = NO;
				SDKROOT = iphoneos;
				VALIDATE_PRODUCT = YES;
			};
			name = Release;
		};
		D531F3351C99505200CB81EC /* Debug */ = {
			isa = XCBuildConfiguration;
			buildSettings = {
				ASSETCATALOG_COMPILER_APPICON_NAME = AppIcon;
				INFOPLIST_FILE = "20160316002-UITabBarController-storyboard/Info.plist";
				LD_RUNPATH_SEARCH_PATHS = "$(inherited) @executable_path/Frameworks";
				PRODUCT_BUNDLE_IDENTIFIER = "com.rainer.-0160316002-UITabBarController-storyboard";
				PRODUCT_NAME = "$(TARGET_NAME)";
			};
			name = Debug;
		};
		D531F3361C99505200CB81EC /* Release */ = {
			isa = XCBuildConfiguration;
			buildSettings = {
				ASSETCATALOG_COMPILER_APPICON_NAME = AppIcon;
				INFOPLIST_FILE = "20160316002-UITabBarController-storyboard/Info.plist";
				LD_RUNPATH_SEARCH_PATHS = "$(inherited) @executable_path/Frameworks";
				PRODUCT_BUNDLE_IDENTIFIER = "com.rainer.-0160316002-UITabBarController-storyboard";
				PRODUCT_NAME = "$(TARGET_NAME)";
			};
			name = Release;
		};
		D531F3381C99505200CB81EC /* Debug */ = {
			isa = XCBuildConfiguration;
			buildSettings = {
				BUNDLE_LOADER = "$(TEST_HOST)";
				INFOPLIST_FILE = "20160316002-UITabBarController-storyboardTests/Info.plist";
				LD_RUNPATH_SEARCH_PATHS = "$(inherited) @executable_path/Frameworks @loader_path/Frameworks";
				PRODUCT_BUNDLE_IDENTIFIER = "com.rainer.-0160316002-UITabBarController-storyboardTests";
				PRODUCT_NAME = "$(TARGET_NAME)";
				TEST_HOST = "$(BUILT_PRODUCTS_DIR)/20160316002-UITabBarController-storyboard.app/20160316002-UITabBarController-storyboard";
			};
			name = Debug;
		};
		D531F3391C99505200CB81EC /* Release */ = {
			isa = XCBuildConfiguration;
			buildSettings = {
				BUNDLE_LOADER = "$(TEST_HOST)";
				INFOPLIST_FILE = "20160316002-UITabBarController-storyboardTests/Info.plist";
				LD_RUNPATH_SEARCH_PATHS = "$(inherited) @executable_path/Frameworks @loader_path/Frameworks";
				PRODUCT_BUNDLE_IDENTIFIER = "com.rainer.-0160316002-UITabBarController-storyboardTests";
				PRODUCT_NAME = "$(TARGET_NAME)";
				TEST_HOST = "$(BUILT_PRODUCTS_DIR)/20160316002-UITabBarController-storyboard.app/20160316002-UITabBarController-storyboard";
			};
			name = Release;
		};
		D531F33B1C99505200CB81EC /* Debug */ = {
			isa = XCBuildConfiguration;
			buildSettings = {
				INFOPLIST_FILE = "20160316002-UITabBarController-storyboardUITests/Info.plist";
				LD_RUNPATH_SEARCH_PATHS = "$(inherited) @executable_path/Frameworks @loader_path/Frameworks";
				PRODUCT_BUNDLE_IDENTIFIER = "com.rainer.-0160316002-UITabBarController-storyboardUITests";
				PRODUCT_NAME = "$(TARGET_NAME)";
				TEST_TARGET_NAME = "20160316002-UITabBarController-storyboard";
				USES_XCTRUNNER = YES;
			};
			name = Debug;
		};
		D531F33C1C99505200CB81EC /* Release */ = {
			isa = XCBuildConfiguration;
			buildSettings = {
				INFOPLIST_FILE = "20160316002-UITabBarController-storyboardUITests/Info.plist";
				LD_RUNPATH_SEARCH_PATHS = "$(inherited) @executable_path/Frameworks @loader_path/Frameworks";
				PRODUCT_BUNDLE_IDENTIFIER = "com.rainer.-0160316002-UITabBarController-storyboardUITests";
				PRODUCT_NAME = "$(TARGET_NAME)";
				TEST_TARGET_NAME = "20160316002-UITabBarController-storyboard";
				USES_XCTRUNNER = YES;
			};
			name = Release;
		};
/* End XCBuildConfiguration section */

/* Begin XCConfigurationList section */
		D531F3021C99505200CB81EC /* Build configuration list for PBXProject "20160316002-UITabBarController-storyboard" */ = {
			isa = XCConfigurationList;
			buildConfigurations = (
				D531F3321C99505200CB81EC /* Debug */,
				D531F3331C99505200CB81EC /* Release */,
			);
			defaultConfigurationIsVisible = 0;
			defaultConfigurationName = Release;
		};
		D531F3341C99505200CB81EC /* Build configuration list for PBXNativeTarget "20160316002-UITabBarController-storyboard" */ = {
			isa = XCConfigurationList;
			buildConfigurations = (
				D531F3351C99505200CB81EC /* Debug */,
				D531F3361C99505200CB81EC /* Release */,
			);
			defaultConfigurationIsVisible = 0;
		};
		D531F3371C99505200CB81EC /* Build configuration list for PBXNativeTarget "20160316002-UITabBarController-storyboardTests" */ = {
			isa = XCConfigurationList;
			buildConfigurations = (
				D531F3381C99505200CB81EC /* Debug */,
				D531F3391C99505200CB81EC /* Release */,
			);
			defaultConfigurationIsVisible = 0;
		};
		D531F33A1C99505200CB81EC /* Build configuration list for PBXNativeTarget "20160316002-UITabBarController-storyboardUITests" */ = {
			isa = XCConfigurationList;
			buildConfigurations = (
				D531F33B1C99505200CB81EC /* Debug */,
				D531F33C1C99505200CB81EC /* Release */,
			);
			defaultConfigurationIsVisible = 0;
		};
/* End XCConfigurationList section */
	};
	rootObject = D531F2FF1C99505200CB81EC /* Project object */;
}
